
Microsoft Visual Studio Solution File, Format Version 12.00
# Visual Studio Version 17
VisualStudioVersion = 17.4.33205.214
MinimumVisualStudioVersion = 10.0.40219.1
Project("{FAE04EC0-301F-11D3-BF4B-00C04F79EFBC}") = "Calculator_determinantn", "Calculator_determinantn\Calculator_determinantn.csproj", "{30CF1B99-0BD0-4941-909B-9DA5B9A62CC4}"
EndProject
Global
	GlobalSection(SolutionConfigurationPlatforms) = preSolution
		Debug|Any CPU = Debug|Any CPU
		Release|Any CPU = Release|Any CPU
	EndGlobalSection
	GlobalSection(ProjectConfigurationPlatforms) = postSolution
		{30CF1B99-0BD0-4941-909B-9DA5B9A62CC4}.Debug|Any CPU.ActiveCfg = Debug|Any CPU
		{30CF1B99-0BD0-4941-909B-9DA5B9A62CC4}.Debug|Any CPU.Build.0 = Debug|Any CPU
		{30CF1B99-0BD0-4941-909B-9DA5B9A62CC4}.Release|Any CPU.ActiveCfg = Release|Any CPU
		{30CF1B99-0BD0-4941-909B-9DA5B9A62CC4}.Release|Any CPU.Build.0 = Release|Any CPU
	EndGlobalSection
	GlobalSection(SolutionProperties) = preSolution
		HideSolutionNode = FALSE
	EndGlobalSection
	GlobalSection(ExtensibilityGlobals) = postSolution
		SolutionGuid = {6C4073F7-BDDB-4E9C-A558-3CAA232E9D93}
	EndGlobalSection
EndGlobal
